// !$*UTF8*$!
{
	archiveVersion = 1;
	classes = {
	};
	objectVersion = 50;
	objects = {

/* Begin PBXBuildFile section */
		8D8D190425AAB8F600326C30 /* AppDelegate.swift in Sources */ = {isa = PBXBuildFile; fileRef = 8D8D190325AAB8F600326C30 /* AppDelegate.swift */; };
		8D8D190625AAB8F600326C30 /* SceneDelegate.swift in Sources */ = {isa = PBXBuildFile; fileRef = 8D8D190525AAB8F600326C30 /* SceneDelegate.swift */; };
		8D8D190825AAB8F600326C30 /* ContentView.swift in Sources */ = {isa = PBXBuildFile; fileRef = 8D8D190725AAB8F600326C30 /* ContentView.swift */; };
		8D8D190A25AAB8F700326C30 /* Assets.xcassets in Resources */ = {isa = PBXBuildFile; fileRef = 8D8D190925AAB8F700326C30 /* Assets.xcassets */; };
		8D8D190D25AAB8F700326C30 /* Preview Assets.xcassets in Resources */ = {isa = PBXBuildFile; fileRef = 8D8D190C25AAB8F700326C30 /* Preview Assets.xcassets */; };
		8D8D191025AAB8F700326C30 /* LaunchScreen.storyboard in Resources */ = {isa = PBXBuildFile; fileRef = 8D8D190E25AAB8F700326C30 /* LaunchScreen.storyboard */; };
		8D8D191B25AAB8F700326C30 /* FactCatsTests.swift in Sources */ = {isa = PBXBuildFile; fileRef = 8D8D191A25AAB8F700326C30 /* FactCatsTests.swift */; };
		8D8D192625AAB8F700326C30 /* FactCatsUITests.swift in Sources */ = {isa = PBXBuildFile; fileRef = 8D8D192525AAB8F700326C30 /* FactCatsUITests.swift */; };
		8D8D193725AAB92F00326C30 /* CatsAPI.swift in Sources */ = {isa = PBXBuildFile; fileRef = 8D8D193625AAB92F00326C30 /* CatsAPI.swift */; };
		8D8D193C25AAB99A00326C30 /* Breed.swift in Sources */ = {isa = PBXBuildFile; fileRef = 8D8D193B25AAB99A00326C30 /* Breed.swift */; };
		8D8D194125AABCC100326C30 /* BreedViewModel.swift in Sources */ = {isa = PBXBuildFile; fileRef = 8D8D194025AABCC100326C30 /* BreedViewModel.swift */; };
		8D8D194625AABF9000326C30 /* CatsView.swift in Sources */ = {isa = PBXBuildFile; fileRef = 8D8D194525AABF9000326C30 /* CatsView.swift */; };
		8D8D194B25AAC4AE00326C30 /* Spinner.swift in Sources */ = {isa = PBXBuildFile; fileRef = 8D8D194A25AAC4AE00326C30 /* Spinner.swift */; };
/* End PBXBuildFile section */

/* Begin PBXContainerItemProxy section */
		8D8D191725AAB8F700326C30 /* PBXContainerItemProxy */ = {
			isa = PBXContainerItemProxy;
			containerPortal = 8D8D18F825AAB8F600326C30 /* Project object */;
			proxyType = 1;
			remoteGlobalIDString = 8D8D18FF25AAB8F600326C30;
			remoteInfo = FactCats;
		};
		8D8D192225AAB8F700326C30 /* PBXContainerItemProxy */ = {
			isa = PBXContainerItemProxy;
			containerPortal = 8D8D18F825AAB8F600326C30 /* Project object */;
			proxyType = 1;
			remoteGlobalIDString = 8D8D18FF25AAB8F600326C30;
			remoteInfo = FactCats;
		};
/* End PBXContainerItemProxy section */

/* Begin PBXFileReference section */
		8D8D190025AAB8F600326C30 /* FactCats.app */ = {isa = PBXFileReference; explicitFileType = wrapper.application; includeInIndex = 0; path = FactCats.app; sourceTree = BUILT_PRODUCTS_DIR; };
		8D8D190325AAB8F600326C30 /* AppDelegate.swift */ = {isa = PBXFileReference; lastKnownFileType = sourcecode.swift; path = AppDelegate.swift; sourceTree = "<group>"; };
		8D8D190525AAB8F600326C30 /* SceneDelegate.swift */ = {isa = PBXFileReference; lastKnownFileType = sourcecode.swift; path = SceneDelegate.swift; sourceTree = "<group>"; };
		8D8D190725AAB8F600326C30 /* ContentView.swift */ = {isa = PBXFileReference; lastKnownFileType = sourcecode.swift; path = ContentView.swift; sourceTree = "<group>"; };
		8D8D190925AAB8F700326C30 /* Assets.xcassets */ = {isa = PBXFileReference; lastKnownFileType = folder.assetcatalog; path = Assets.xcassets; sourceTree = "<group>"; };
		8D8D190C25AAB8F700326C30 /* Preview Assets.xcassets */ = {isa = PBXFileReference; lastKnownFileType = folder.assetcatalog; path = "Preview Assets.xcassets"; sourceTree = "<group>"; };
		8D8D190F25AAB8F700326C30 /* Base */ = {isa = PBXFileReference; lastKnownFileType = file.storyboard; name = Base; path = Base.lproj/LaunchScreen.storyboard; sourceTree = "<group>"; };
		8D8D191125AAB8F700326C30 /* Info.plist */ = {isa = PBXFileReference; lastKnownFileType = text.plist.xml; path = Info.plist; sourceTree = "<group>"; };
		8D8D191625AAB8F700326C30 /* FactCatsTests.xctest */ = {isa = PBXFileReference; explicitFileType = wrapper.cfbundle; includeInIndex = 0; path = FactCatsTests.xctest; sourceTree = BUILT_PRODUCTS_DIR; };
		8D8D191A25AAB8F700326C30 /* FactCatsTests.swift */ = {isa = PBXFileReference; lastKnownFileType = sourcecode.swift; path = FactCatsTests.swift; sourceTree = "<group>"; };
		8D8D191C25AAB8F700326C30 /* Info.plist */ = {isa = PBXFileReference; lastKnownFileType = text.plist.xml; path = Info.plist; sourceTree = "<group>"; };
		8D8D192125AAB8F700326C30 /* FactCatsUITests.xctest */ = {isa = PBXFileReference; explicitFileType = wrapper.cfbundle; includeInIndex = 0; path = FactCatsUITests.xctest; sourceTree = BUILT_PRODUCTS_DIR; };
		8D8D192525AAB8F700326C30 /* FactCatsUITests.swift */ = {isa = PBXFileReference; lastKnownFileType = sourcecode.swift; path = FactCatsUITests.swift; sourceTree = "<group>"; };
		8D8D192725AAB8F700326C30 /* Info.plist */ = {isa = PBXFileReference; lastKnownFileType = text.plist.xml; path = Info.plist; sourceTree = "<group>"; };
		8D8D193625AAB92F00326C30 /* CatsAPI.swift */ = {isa = PBXFileReference; lastKnownFileType = sourcecode.swift; path = CatsAPI.swift; sourceTree = "<group>"; };
		8D8D193B25AAB99A00326C30 /* Breed.swift */ = {isa = PBXFileReference; lastKnownFileType = sourcecode.swift; path = Breed.swift; sourceTree = "<group>"; };
		8D8D194025AABCC100326C30 /* BreedViewModel.swift */ = {isa = PBXFileReference; lastKnownFileType = sourcecode.swift; path = BreedViewModel.swift; sourceTree = "<group>"; };
		8D8D194525AABF9000326C30 /* CatsView.swift */ = {isa = PBXFileReference; lastKnownFileType = sourcecode.swift; path = CatsView.swift; sourceTree = "<group>"; };
		8D8D194A25AAC4AE00326C30 /* Spinner.swift */ = {isa = PBXFileReference; lastKnownFileType = sourcecode.swift; path = Spinner.swift; sourceTree = "<group>"; };
/* End PBXFileReference section */

/* Begin PBXFrameworksBuildPhase section */
		8D8D18FD25AAB8F600326C30 /* Frameworks */ = {
			isa = PBXFrameworksBuildPhase;
			buildActionMask = 2147483647;
			files = (
			);
			runOnlyForDeploymentPostprocessing = 0;
		};
		8D8D191325AAB8F700326C30 /* Frameworks */ = {
			isa = PBXFrameworksBuildPhase;
			buildActionMask = 2147483647;
			files = (
			);
			runOnlyForDeploymentPostprocessing = 0;
		};
		8D8D191E25AAB8F700326C30 /* Frameworks */ = {
			isa = PBXFrameworksBuildPhase;
			buildActionMask = 2147483647;
			files = (
			);
			runOnlyForDeploymentPostprocessing = 0;
		};
/* End PBXFrameworksBuildPhase section */

/* Begin PBXGroup section */
		8D8D18F725AAB8F600326C30 = {
			isa = PBXGroup;
			children = (
				8D8D190225AAB8F600326C30 /* FactCats */,
				8D8D191925AAB8F700326C30 /* FactCatsTests */,
				8D8D192425AAB8F700326C30 /* FactCatsUITests */,
				8D8D190125AAB8F600326C30 /* Products */,
			);
			sourceTree = "<group>";
		};
		8D8D190125AAB8F600326C30 /* Products */ = {
			isa = PBXGroup;
			children = (
				8D8D190025AAB8F600326C30 /* FactCats.app */,
				8D8D191625AAB8F700326C30 /* FactCatsTests.xctest */,
				8D8D192125AAB8F700326C30 /* FactCatsUITests.xctest */,
			);
			name = Products;
			sourceTree = "<group>";
		};
		8D8D190225AAB8F600326C30 /* FactCats */ = {
			isa = PBXGroup;
			children = (
				8D8D190325AAB8F600326C30 /* AppDelegate.swift */,
				8D8D190525AAB8F600326C30 /* SceneDelegate.swift */,
				8D8D190725AAB8F600326C30 /* ContentView.swift */,
				8D8D190925AAB8F700326C30 /* Assets.xcassets */,
				8D8D190E25AAB8F700326C30 /* LaunchScreen.storyboard */,
				8D8D191125AAB8F700326C30 /* Info.plist */,
				8D8D190B25AAB8F700326C30 /* Preview Content */,
				8D8D193625AAB92F00326C30 /* CatsAPI.swift */,
				8D8D193B25AAB99A00326C30 /* Breed.swift */,
				8D8D194025AABCC100326C30 /* BreedViewModel.swift */,
				8D8D194525AABF9000326C30 /* CatsView.swift */,
				8D8D194A25AAC4AE00326C30 /* Spinner.swift */,
			);
			path = FactCats;
			sourceTree = "<group>";
		};
		8D8D190B25AAB8F700326C30 /* Preview Content */ = {
			isa = PBXGroup;
			children = (
				8D8D190C25AAB8F700326C30 /* Preview Assets.xcassets */,
			);
			path = "Preview Content";
			sourceTree = "<group>";
		};
		8D8D191925AAB8F700326C30 /* FactCatsTests */ = {
			isa = PBXGroup;
			children = (
				8D8D191A25AAB8F700326C30 /* FactCatsTests.swift */,
				8D8D191C25AAB8F700326C30 /* Info.plist */,
			);
			path = FactCatsTests;
			sourceTree = "<group>";
		};
		8D8D192425AAB8F700326C30 /* FactCatsUITests */ = {
			isa = PBXGroup;
			children = (
				8D8D192525AAB8F700326C30 /* FactCatsUITests.swift */,
				8D8D192725AAB8F700326C30 /* Info.plist */,
			);
			path = FactCatsUITests;
			sourceTree = "<group>";
		};
/* End PBXGroup section */

/* Begin PBXNativeTarget section */
		8D8D18FF25AAB8F600326C30 /* FactCats */ = {
			isa = PBXNativeTarget;
			buildConfigurationList = 8D8D192A25AAB8F700326C30 /* Build configuration list for PBXNativeTarget "FactCats" */;
			buildPhases = (
				8D8D18FC25AAB8F600326C30 /* Sources */,
				8D8D18FD25AAB8F600326C30 /* Frameworks */,
				8D8D18FE25AAB8F600326C30 /* Resources */,
			);
			buildRules = (
			);
			dependencies = (
			);
			name = FactCats;
			productName = FactCats;
			productReference = 8D8D190025AAB8F600326C30 /* FactCats.app */;
			productType = "com.apple.product-type.application";
		};
		8D8D191525AAB8F700326C30 /* FactCatsTests */ = {
			isa = PBXNativeTarget;
			buildConfigurationList = 8D8D192D25AAB8F700326C30 /* Build configuration list for PBXNativeTarget "FactCatsTests" */;
			buildPhases = (
				8D8D191225AAB8F700326C30 /* Sources */,
				8D8D191325AAB8F700326C30 /* Frameworks */,
				8D8D191425AAB8F700326C30 /* Resources */,
			);
			buildRules = (
			);
			dependencies = (
				8D8D191825AAB8F700326C30 /* PBXTargetDependency */,
			);
			name = FactCatsTests;
			productName = FactCatsTests;
			productReference = 8D8D191625AAB8F700326C30 /* FactCatsTests.xctest */;
			productType = "com.apple.product-type.bundle.unit-test";
		};
		8D8D192025AAB8F700326C30 /* FactCatsUITests */ = {
			isa = PBXNativeTarget;
			buildConfigurationList = 8D8D193025AAB8F700326C30 /* Build configuration list for PBXNativeTarget "FactCatsUITests" */;
			buildPhases = (
				8D8D191D25AAB8F700326C30 /* Sources */,
				8D8D191E25AAB8F700326C30 /* Frameworks */,
				8D8D191F25AAB8F700326C30 /* Resources */,
			);
			buildRules = (
			);
			dependencies = (
				8D8D192325AAB8F700326C30 /* PBXTargetDependency */,
			);
			name = FactCatsUITests;
			productName = FactCatsUITests;
			productReference = 8D8D192125AAB8F700326C30 /* FactCatsUITests.xctest */;
			productType = "com.apple.product-type.bundle.ui-testing";
		};
/* End PBXNativeTarget section */

/* Begin PBXProject section */
		8D8D18F825AAB8F600326C30 /* Project object */ = {
			isa = PBXProject;
			attributes = {
				LastSwiftUpdateCheck = 1230;
				LastUpgradeCheck = 1230;
				TargetAttributes = {
					8D8D18FF25AAB8F600326C30 = {
						CreatedOnToolsVersion = 12.3;
					};
					8D8D191525AAB8F700326C30 = {
						CreatedOnToolsVersion = 12.3;
						TestTargetID = 8D8D18FF25AAB8F600326C30;
					};
					8D8D192025AAB8F700326C30 = {
						CreatedOnToolsVersion = 12.3;
						TestTargetID = 8D8D18FF25AAB8F600326C30;
					};
				};
			};
			buildConfigurationList = 8D8D18FB25AAB8F600326C30 /* Build configuration list for PBXProject "FactCats" */;
			compatibilityVersion = "Xcode 9.3";
			developmentRegion = en;
			hasScannedForEncodings = 0;
			knownRegions = (
				en,
				Base,
			);
			mainGroup = 8D8D18F725AAB8F600326C30;
			productRefGroup = 8D8D190125AAB8F600326C30 /* Products */;
			projectDirPath = "";
			projectRoot = "";
			targets = (
				8D8D18FF25AAB8F600326C30 /* FactCats */,
				8D8D191525AAB8F700326C30 /* FactCatsTests */,
				8D8D192025AAB8F700326C30 /* FactCatsUITests */,
			);
		};
/* End PBXProject section */

/* Begin PBXResourcesBuildPhase section */
		8D8D18FE25AAB8F600326C30 /* Resources */ = {
			isa = PBXResourcesBuildPhase;
			buildActionMask = 2147483647;
			files = (
				8D8D191025AAB8F700326C30 /* LaunchScreen.storyboard in Resources */,
				8D8D190D25AAB8F700326C30 /* Preview Assets.xcassets in Resources */,
				8D8D190A25AAB8F700326C30 /* Assets.xcassets in Resources */,
			);
			runOnlyForDeploymentPostprocessing = 0;
		};
		8D8D191425AAB8F700326C30 /* Resources */ = {
			isa = PBXResourcesBuildPhase;
			buildActionMask = 2147483647;
			files = (
			);
			runOnlyForDeploymentPostprocessing = 0;
		};
		8D8D191F25AAB8F700326C30 /* Resources */ = {
			isa = PBXResourcesBuildPhase;
			buildActionMask = 2147483647;
			files = (
			);
			runOnlyForDeploymentPostprocessing = 0;
		};
/* End PBXResourcesBuildPhase section */

/* Begin PBXSourcesBuildPhase section */
		8D8D18FC25AAB8F600326C30 /* Sources */ = {
			isa = PBXSourcesBuildPhase;
			buildActionMask = 2147483647;
			files = (
				8D8D190425AAB8F600326C30 /* AppDelegate.swift in Sources */,
				8D8D194125AABCC100326C30 /* BreedViewModel.swift in Sources */,
				8D8D194625AABF9000326C30 /* CatsView.swift in Sources */,
				8D8D193725AAB92F00326C30 /* CatsAPI.swift in Sources */,
				8D8D190625AAB8F600326C30 /* SceneDelegate.swift in Sources */,
				8D8D194B25AAC4AE00326C30 /* Spinner.swift in Sources */,
				8D8D193C25AAB99A00326C30 /* Breed.swift in Sources */,
				8D8D190825AAB8F600326C30 /* ContentView.swift in Sources */,
			);
			runOnlyForDeploymentPostprocessing = 0;
		};
		8D8D191225AAB8F700326C30 /* Sources */ = {
			isa = PBXSourcesBuildPhase;
			buildActionMask = 2147483647;
			files = (
				8D8D191B25AAB8F700326C30 /* FactCatsTests.swift in Sources */,
			);
			runOnlyForDeploymentPostprocessing = 0;
		};
		8D8D191D25AAB8F700326C30 /* Sources */ = {
			isa = PBXSourcesBuildPhase;
			buildActionMask = 2147483647;
			files = (
				8D8D192625AAB8F700326C30 /* FactCatsUITests.swift in Sources */,
			);
			runOnlyForDeploymentPostprocessing = 0;
		};
/* End PBXSourcesBuildPhase section */

/* Begin PBXTargetDependency section */
		8D8D191825AAB8F700326C30 /* PBXTargetDependency */ = {
			isa = PBXTargetDependency;
			target = 8D8D18FF25AAB8F600326C30 /* FactCats */;
			targetProxy = 8D8D191725AAB8F700326C30 /* PBXContainerItemProxy */;
		};
		8D8D192325AAB8F700326C30 /* PBXTargetDependency */ = {
			isa = PBXTargetDependency;
			target = 8D8D18FF25AAB8F600326C30 /* FactCats */;
			targetProxy = 8D8D192225AAB8F700326C30 /* PBXContainerItemProxy */;
		};
/* End PBXTargetDependency section */

/* Begin PBXVariantGroup section */
		8D8D190E25AAB8F700326C30 /* LaunchScreen.storyboard */ = {
			isa = PBXVariantGroup;
			children = (
				8D8D190F25AAB8F700326C30 /* Base */,
			);
			name = LaunchScreen.storyboard;
			sourceTree = "<group>";
		};
/* End PBXVariantGroup section */

/* Begin XCBuildConfiguration section */
		8D8D192825AAB8F700326C30 /* Debug */ = {
			isa = XCBuildConfiguration;
			buildSettings = {
				ALWAYS_SEARCH_USER_PATHS = NO;
				CLANG_ANALYZER_NONNULL = YES;
				CLANG_ANALYZER_NUMBER_OBJECT_CONVERSION = YES_AGGRESSIVE;
				CLANG_CXX_LANGUAGE_STANDARD = "gnu++14";
				CLANG_CXX_LIBRARY = "libc++";
				CLANG_ENABLE_MODULES = YES;
				CLANG_ENABLE_OBJC_ARC = YES;
				CLANG_ENABLE_OBJC_WEAK = YES;
				CLANG_WARN_BLOCK_CAPTURE_AUTORELEASING = YES;
				CLANG_WARN_BOOL_CONVERSION = YES;
				CLANG_WARN_COMMA = YES;
				CLANG_WARN_CONSTANT_CONVERSION = YES;
				CLANG_WARN_DEPRECATED_OBJC_IMPLEMENTATIONS = YES;
				CLANG_WARN_DIRECT_OBJC_ISA_USAGE = YES_ERROR;
				CLANG_WARN_DOCUMENTATION_COMMENTS = YES;
				CLANG_WARN_EMPTY_BODY = YES;
				CLANG_WARN_ENUM_CONVERSION = YES;
				CLANG_WARN_INFINITE_RECURSION = YES;
				CLANG_WARN_INT_CONVERSION = YES;
				CLANG_WARN_NON_LITERAL_NULL_CONVERSION = YES;
				CLANG_WARN_OBJC_IMPLICIT_RETAIN_SELF = YES;
				CLANG_WARN_OBJC_LITERAL_CONVERSION = YES;
				CLANG_WARN_OBJC_ROOT_CLASS = YES_ERROR;
				CLANG_WARN_QUOTED_INCLUDE_IN_FRAMEWORK_HEADER = YES;
				CLANG_WARN_RANGE_LOOP_ANALYSIS = YES;
				CLANG_WARN_STRICT_PROTOTYPES = YES;
				CLANG_WARN_SUSPICIOUS_MOVE = YES;
				CLANG_WARN_UNGUARDED_AVAILABILITY = YES_AGGRESSIVE;
				CLANG_WARN_UNREACHABLE_CODE = YES;
				CLANG_WARN__DUPLICATE_METHOD_MATCH = YES;
				COPY_PHASE_STRIP = NO;
				DEBUG_INFORMATION_FORMAT = dwarf;
				ENABLE_STRICT_OBJC_MSGSEND = YES;
				ENABLE_TESTABILITY = YES;
				GCC_C_LANGUAGE_STANDARD = gnu11;
				GCC_DYNAMIC_NO_PIC = NO;
				GCC_NO_COMMON_BLOCKS = YES;
				GCC_OPTIMIZATION_LEVEL = 0;
				GCC_PREPROCESSOR_DEFINITIONS = (
					"DEBUG=1",
					"$(inherited)",
				);
				GCC_WARN_64_TO_32_BIT_CONVERSION = YES;
				GCC_WARN_ABOUT_RETURN_TYPE = YES_ERROR;
				GCC_WARN_UNDECLARED_SELECTOR = YES;
				GCC_WARN_UNINITIALIZED_AUTOS = YES_AGGRESSIVE;
				GCC_WARN_UNUSED_FUNCTION = YES;
				GCC_WARN_UNUSED_VARIABLE = YES;
				IPHONEOS_DEPLOYMENT_TARGET = 14.3;
				MTL_ENABLE_DEBUG_INFO = INCLUDE_SOURCE;
				MTL_FAST_MATH = YES;
				ONLY_ACTIVE_ARCH = YES;
				SDKROOT = iphoneos;
				SWIFT_ACTIVE_COMPILATION_CONDITIONS = DEBUG;
				SWIFT_OPTIMIZATION_LEVEL = "-Onone";
			};
			name = Debug;
		};
		8D8D192925AAB8F700326C30 /* Release */ = {
			isa = XCBuildConfiguration;
			buildSettings = {
				ALWAYS_SEARCH_USER_PATHS = NO;
				CLANG_ANALYZER_NONNULL = YES;
				CLANG_ANALYZER_NUMBER_OBJECT_CONVERSION = YES_AGGRESSIVE;
				CLANG_CXX_LANGUAGE_STANDARD = "gnu++14";
				CLANG_CXX_LIBRARY = "libc++";
				CLANG_ENABLE_MODULES = YES;
				CLANG_ENABLE_OBJC_ARC = YES;
				CLANG_ENABLE_OBJC_WEAK = YES;
				CLANG_WARN_BLOCK_CAPTURE_AUTORELEASING = YES;
				CLANG_WARN_BOOL_CONVERSION = YES;
				CLANG_WARN_COMMA = YES;
				CLANG_WARN_CONSTANT_CONVERSION = YES;
				CLANG_WARN_DEPRECATED_OBJC_IMPLEMENTATIONS = YES;
				CLANG_WARN_DIRECT_OBJC_ISA_USAGE = YES_ERROR;
				CLANG_WARN_DOCUMENTATION_COMMENTS = YES;
				CLANG_WARN_EMPTY_BODY = YES;
				CLANG_WARN_ENUM_CONVERSION = YES;
				CLANG_WARN_INFINITE_RECURSION = YES;
				CLANG_WARN_INT_CONVERSION = YES;
				CLANG_WARN_NON_LITERAL_NULL_CONVERSION = YES;
				CLANG_WARN_OBJC_IMPLICIT_RETAIN_SELF = YES;
				CLANG_WARN_OBJC_LITERAL_CONVERSION = YES;
				CLANG_WARN_OBJC_ROOT_CLASS = YES_ERROR;
				CLANG_WARN_QUOTED_INCLUDE_IN_FRAMEWORK_HEADER = YES;
				CLANG_WARN_RANGE_LOOP_ANALYSIS = YES;
				CLANG_WARN_STRICT_PROTOTYPES = YES;
				CLANG_WARN_SUSPICIOUS_MOVE = YES;
				CLANG_WARN_UNGUARDED_AVAILABILITY = YES_AGGRESSIVE;
				CLANG_WARN_UNREACHABLE_CODE = YES;
				CLANG_WARN__DUPLICATE_METHOD_MATCH = YES;
				COPY_PHASE_STRIP = NO;
				DEBUG_INFORMATION_FORMAT = "dwarf-with-dsym";
				ENABLE_NS_ASSERTIONS = NO;
				ENABLE_STRICT_OBJC_MSGSEND = YES;
				GCC_C_LANGUAGE_STANDARD = gnu11;
				GCC_NO_COMMON_BLOCKS = YES;
				GCC_WARN_64_TO_32_BIT_CONVERSION = YES;
				GCC_WARN_ABOUT_RETURN_TYPE = YES_ERROR;
				GCC_WARN_UNDECLARED_SELECTOR = YES;
				GCC_WARN_UNINITIALIZED_AUTOS = YES_AGGRESSIVE;
				GCC_WARN_UNUSED_FUNCTION = YES;
				GCC_WARN_UNUSED_VARIABLE = YES;
				IPHONEOS_DEPLOYMENT_TARGET = 14.3;
				MTL_ENABLE_DEBUG_INFO = NO;
				MTL_FAST_MATH = YES;
				SDKROOT = iphoneos;
				SWIFT_COMPILATION_MODE = wholemodule;
				SWIFT_OPTIMIZATION_LEVEL = "-O";
				VALIDATE_PRODUCT = YES;
			};
			name = Release;
		};
		8D8D192B25AAB8F700326C30 /* Debug */ = {
			isa = XCBuildConfiguration;
			buildSettings = {
				ASSETCATALOG_COMPILER_APPICON_NAME = AppIcon;
				ASSETCATALOG_COMPILER_GLOBAL_ACCENT_COLOR_NAME = AccentColor;
				CODE_SIGN_STYLE = Automatic;
				DEVELOPMENT_ASSET_PATHS = "\"FactCats/Preview Content\"";
				DEVELOPMENT_TEAM = F69498T64R;
				ENABLE_PREVIEWS = YES;
				INFOPLIST_FILE = FactCats/Info.plist;
				LD_RUNPATH_SEARCH_PATHS = (
					"$(inherited)",
					"@executable_path/Frameworks",
				);
				PRODUCT_BUNDLE_IDENTIFIER = com.NewRelic.FactCats;
				PRODUCT_NAME = "$(TARGET_NAME)";
				SWIFT_VERSION = 5.0;
				TARGETED_DEVICE_FAMILY = "1,2";
			};
			name = Debug;
		};
		8D8D192C25AAB8F700326C30 /* Release */ = {
			isa = XCBuildConfiguration;
			buildSettings = {
				ASSETCATALOG_COMPILER_APPICON_NAME = AppIcon;
				ASSETCATALOG_COMPILER_GLOBAL_ACCENT_COLOR_NAME = AccentColor;
				CODE_SIGN_STYLE = Automatic;
				DEVELOPMENT_ASSET_PATHS = "\"FactCats/Preview Content\"";
				DEVELOPMENT_TEAM = F69498T64R;
				ENABLE_PREVIEWS = YES;
				INFOPLIST_FILE = FactCats/Info.plist;
				LD_RUNPATH_SEARCH_PATHS = (
					"$(inherited)",
					"@executable_path/Frameworks",
				);
				PRODUCT_BUNDLE_IDENTIFIER = com.NewRelic.FactCats;
				PRODUCT_NAME = "$(TARGET_NAME)";
				SWIFT_VERSION = 5.0;
				TARGETED_DEVICE_FAMILY = "1,2";
			};
			name = Release;
		};
		8D8D192E25AAB8F700326C30 /* Debug */ = {
			isa = XCBuildConfiguration;
			buildSettings = {
				ALWAYS_EMBED_SWIFT_STANDARD_LIBRARIES = YES;
				BUNDLE_LOADER = "$(TEST_HOST)";
				CODE_SIGN_STYLE = Automatic;
				DEVELOPMENT_TEAM = F69498T64R;
				INFOPLIST_FILE = FactCatsTests/Info.plist;
				IPHONEOS_DEPLOYMENT_TARGET = 14.3;
				LD_RUNPATH_SEARCH_PATHS = (
					"$(inherited)",
					"@executable_path/Frameworks",
					"@loader_path/Frameworks",
				);
				PRODUCT_BUNDLE_IDENTIFIER = com.NewRelic.FactCatsTests;
				PRODUCT_NAME = "$(TARGET_NAME)";
				SWIFT_VERSION = 5.0;
				TARGETED_DEVICE_FAMILY = "1,2";
				TEST_HOST = "$(BUILT_PRODUCTS_DIR)/FactCats.app/FactCats";
			};
			name = Debug;
		};
		8D8D192F25AAB8F700326C30 /* Release */ = {
			isa = XCBuildConfiguration;
			buildSettings = {
				ALWAYS_EMBED_SWIFT_STANDARD_LIBRARIES = YES;
				BUNDLE_LOADER = "$(TEST_HOST)";
				CODE_SIGN_STYLE = Automatic;
				DEVELOPMENT_TEAM = F69498T64R;
				INFOPLIST_FILE = FactCatsTests/Info.plist;
				IPHONEOS_DEPLOYMENT_TARGET = 14.3;
				LD_RUNPATH_SEARCH_PATHS = (
					"$(inherited)",
					"@executable_path/Frameworks",
					"@loader_path/Frameworks",
				);
				PRODUCT_BUNDLE_IDENTIFIER = com.NewRelic.FactCatsTests;
				PRODUCT_NAME = "$(TARGET_NAME)";
				SWIFT_VERSION = 5.0;
				TARGETED_DEVICE_FAMILY = "1,2";
				TEST_HOST = "$(BUILT_PRODUCTS_DIR)/FactCats.app/FactCats";
			};
			name = Release;
		};
		8D8D193125AAB8F700326C30 /* Debug */ = {
			isa = XCBuildConfiguration;
			buildSettings = {
				ALWAYS_EMBED_SWIFT_STANDARD_LIBRARIES = YES;
				CODE_SIGN_STYLE = Automatic;
				DEVELOPMENT_TEAM = F69498T64R;
				INFOPLIST_FILE = FactCatsUITests/Info.plist;
				LD_RUNPATH_SEARCH_PATHS = (
					"$(inherited)",
					"@executable_path/Frameworks",
					"@loader_path/Frameworks",
				);
				PRODUCT_BUNDLE_IDENTIFIER = com.NewRelic.FactCatsUITests;
				PRODUCT_NAME = "$(TARGET_NAME)";
				SWIFT_VERSION = 5.0;
				TARGETED_DEVICE_FAMILY = "1,2";
				TEST_TARGET_NAME = FactCats;
			};
			name = Debug;
		};
		8D8D193225AAB8F700326C30 /* Release */ = {
			isa = XCBuildConfiguration;
			buildSettings = {
				ALWAYS_EMBED_SWIFT_STANDARD_LIBRARIES = YES;
				CODE_SIGN_STYLE = Automatic;
				DEVELOPMENT_TEAM = F69498T64R;
				INFOPLIST_FILE = FactCatsUITests/Info.plist;
				LD_RUNPATH_SEARCH_PATHS = (
					"$(inherited)",
					"@executable_path/Frameworks",
					"@loader_path/Frameworks",
				);
				PRODUCT_BUNDLE_IDENTIFIER = com.NewRelic.FactCatsUITests;
				PRODUCT_NAME = "$(TARGET_NAME)";
				SWIFT_VERSION = 5.0;
				TARGETED_DEVICE_FAMILY = "1,2";
				TEST_TARGET_NAME = FactCats;
			};
			name = Release;
		};
/* End XCBuildConfiguration section */

/* Begin XCConfigurationList section */
		8D8D18FB25AAB8F600326C30 /* Build configuration list for PBXProject "FactCats" */ = {
			isa = XCConfigurationList;
			buildConfigurations = (
				8D8D192825AAB8F700326C30 /* Debug */,
				8D8D192925AAB8F700326C30 /* Release */,
			);
			defaultConfigurationIsVisible = 0;
			defaultConfigurationName = Release;
		};
		8D8D192A25AAB8F700326C30 /* Build configuration list for PBXNativeTarget "FactCats" */ = {
			isa = XCConfigurationList;
			buildConfigurations = (
				8D8D192B25AAB8F700326C30 /* Debug */,
				8D8D192C25AAB8F700326C30 /* Release */,
			);
			defaultConfigurationIsVisible = 0;
			defaultConfigurationName = Release;
		};
		8D8D192D25AAB8F700326C30 /* Build configuration list for PBXNativeTarget "FactCatsTests" */ = {
			isa = XCConfigurationList;
			buildConfigurations = (
				8D8D192E25AAB8F700326C30 /* Debug */,
				8D8D192F25AAB8F700326C30 /* Release */,
			);
			defaultConfigurationIsVisible = 0;
			defaultConfigurationName = Release;
		};
		8D8D193025AAB8F700326C30 /* Build configuration list for PBXNativeTarget "FactCatsUITests" */ = {
			isa = XCConfigurationList;
			buildConfigurations = (
				8D8D193125AAB8F700326C30 /* Debug */,
				8D8D193225AAB8F700326C30 /* Release */,
			);
			defaultConfigurationIsVisible = 0;
			defaultConfigurationName = Release;
		};
/* End XCConfigurationList section */
	};
	rootObject = 8D8D18F825AAB8F600326C30 /* Project object */;
}
